
Microsoft Visual Studio Solution File, Format Version 12.00
# Visual Studio Version 17
VisualStudioVersion = 17.10.35013.160
MinimumVisualStudioVersion = 10.0.40219.1
Project("{9A19103F-16F7-4668-BE54-9A1E7A4F7556}") = "MediatRGen", "MediatRGen\MediatRGen.csproj", "{D543295C-65E0-428B-A535-3C56E41DC425}"
EndProject
Project("{FAE04EC0-301F-11D3-BF4B-00C04F79EFBC}") = "MediatRGen.Core", "MediatRGen.Core\MediatRGen.Core.csproj", "{72EB235B-62B8-4FF3-B9CB-A90393156544}"
EndProject
Global
	GlobalSection(SolutionConfigurationPlatforms) = preSolution
		Debug|Any CPU = Debug|Any CPU
		Release|Any CPU = Release|Any CPU
	EndGlobalSection
	GlobalSection(ProjectConfigurationPlatforms) = postSolution
		{D543295C-65E0-428B-A535-3C56E41DC425}.Debug|Any CPU.ActiveCfg = Debug|Any CPU
		{D543295C-65E0-428B-A535-3C56E41DC425}.Debug|Any CPU.Build.0 = Debug|Any CPU
		{D543295C-65E0-428B-A535-3C56E41DC425}.Release|Any CPU.ActiveCfg = Release|Any CPU
		{D543295C-65E0-428B-A535-3C56E41DC425}.Release|Any CPU.Build.0 = Release|Any CPU
		{72EB235B-62B8-4FF3-B9CB-A90393156544}.Debug|Any CPU.ActiveCfg = Debug|Any CPU
		{72EB235B-62B8-4FF3-B9CB-A90393156544}.Debug|Any CPU.Build.0 = Debug|Any CPU
		{72EB235B-62B8-4FF3-B9CB-A90393156544}.Release|Any CPU.ActiveCfg = Release|Any CPU
		{72EB235B-62B8-4FF3-B9CB-A90393156544}.Release|Any CPU.Build.0 = Release|Any CPU
	EndGlobalSection
	GlobalSection(SolutionProperties) = preSolution
		HideSolutionNode = FALSE
	EndGlobalSection
	GlobalSection(ExtensibilityGlobals) = postSolution
		SolutionGuid = {17C76A39-D95B-48E9-A253-095FFDFAD503}
	EndGlobalSection
EndGlobal
